
Microsoft Visual Studio Solution File, Format Version 12.00
# Visual Studio Version 17
VisualStudioVersion = 17.14.37111.16 d17.14
MinimumVisualStudioVersion = 10.0.40219.1
Project("{FAE04EC0-301F-11D3-BF4B-00C04F79EFBC}") = "Model", "Model\Model.csproj", "{336BF7F9-5BC5-419D-9287-85BA91385C25}"
EndProject
Project("{FAE04EC0-301F-11D3-BF4B-00C04F79EFBC}") = "BusinessLogic", "BusinessLogic\BusinessLogic.csproj", "{BB8AA2F4-7E9B-424B-97B8-0CD5505E42BB}"
EndProject
Project("{FAE04EC0-301F-11D3-BF4B-00C04F79EFBC}") = "WinFormView", "WinForm UI\WinFormView.csproj", "{F2A8F6B3-64AD-4B51-AA7C-16FD45D985C8}"
EndProject
Project("{FAE04EC0-301F-11D3-BF4B-00C04F79EFBC}") = "ConsoleView", "Console UI\ConsoleView.csproj", "{1B14713E-E8DD-41C3-A7B8-1FBF161287A4}"
EndProject
Global
	GlobalSection(SolutionConfigurationPlatforms) = preSolution
		Debug|Any CPU = Debug|Any CPU
		Release|Any CPU = Release|Any CPU
	EndGlobalSection
	GlobalSection(ProjectConfigurationPlatforms) = postSolution
		{336BF7F9-5BC5-419D-9287-85BA91385C25}.Debug|Any CPU.ActiveCfg = Debug|Any CPU
		{336BF7F9-5BC5-419D-9287-85BA91385C25}.Debug|Any CPU.Build.0 = Debug|Any CPU
		{336BF7F9-5BC5-419D-9287-85BA91385C25}.Release|Any CPU.ActiveCfg = Release|Any CPU
		{336BF7F9-5BC5-419D-9287-85BA91385C25}.Release|Any CPU.Build.0 = Release|Any CPU
		{BB8AA2F4-7E9B-424B-97B8-0CD5505E42BB}.Debug|Any CPU.ActiveCfg = Debug|Any CPU
		{BB8AA2F4-7E9B-424B-97B8-0CD5505E42BB}.Debug|Any CPU.Build.0 = Debug|Any CPU
		{BB8AA2F4-7E9B-424B-97B8-0CD5505E42BB}.Release|Any CPU.ActiveCfg = Release|Any CPU
		{BB8AA2F4-7E9B-424B-97B8-0CD5505E42BB}.Release|Any CPU.Build.0 = Release|Any CPU
		{F2A8F6B3-64AD-4B51-AA7C-16FD45D985C8}.Debug|Any CPU.ActiveCfg = Debug|Any CPU
		{F2A8F6B3-64AD-4B51-AA7C-16FD45D985C8}.Debug|Any CPU.Build.0 = Debug|Any CPU
		{F2A8F6B3-64AD-4B51-AA7C-16FD45D985C8}.Release|Any CPU.ActiveCfg = Release|Any CPU
		{F2A8F6B3-64AD-4B51-AA7C-16FD45D985C8}.Release|Any CPU.Build.0 = Release|Any CPU
		{1B14713E-E8DD-41C3-A7B8-1FBF161287A4}.Debug|Any CPU.ActiveCfg = Debug|Any CPU
		{1B14713E-E8DD-41C3-A7B8-1FBF161287A4}.Debug|Any CPU.Build.0 = Debug|Any CPU
		{1B14713E-E8DD-41C3-A7B8-1FBF161287A4}.Release|Any CPU.ActiveCfg = Release|Any CPU
		{1B14713E-E8DD-41C3-A7B8-1FBF161287A4}.Release|Any CPU.Build.0 = Release|Any CPU
	EndGlobalSection
	GlobalSection(SolutionProperties) = preSolution
		HideSolutionNode = FALSE
	EndGlobalSection
	GlobalSection(ExtensibilityGlobals) = postSolution
		SolutionGuid = {F22C4DDE-0F25-4F3A-BC13-46CE3DCF6CEC}
	EndGlobalSection
EndGlobal
